
Microsoft Visual Studio Solution File, Format Version 12.00
# Visual Studio Version 16
VisualStudioVersion = 16.0.31515.178
MinimumVisualStudioVersion = 10.0.40219.1
Project("{8BC9CEB8-8B4A-11D0-8D11-00A0C91BC942}") = "present_records", "present_records\present_records.vcxproj", "{C03F0A5D-1D78-4780-9824-2B5A0BB67417}"
EndProject
Project("{8BC9CEB8-8B4A-11D0-8D11-00A0C91BC942}") = "present_records_cpp", "present_records_cpp\present_records_cpp.vcxproj", "{287AD3BF-61D4-433C-81A3-466150287A29}"
EndProject
Global
	GlobalSection(SolutionConfigurationPlatforms) = preSolution
		Debug|x64 = Debug|x64
		Debug|x86 = Debug|x86
		Release|x64 = Release|x64
		Release|x86 = Release|x86
	EndGlobalSection
	GlobalSection(ProjectConfigurationPlatforms) = postSolution
		{C03F0A5D-1D78-4780-9824-2B5A0BB67417}.Debug|x64.ActiveCfg = Debug|x64
		{C03F0A5D-1D78-4780-9824-2B5A0BB67417}.Debug|x64.Build.0 = Debug|x64
		{C03F0A5D-1D78-4780-9824-2B5A0BB67417}.Debug|x86.ActiveCfg = Debug|Win32
		{C03F0A5D-1D78-4780-9824-2B5A0BB67417}.Debug|x86.Build.0 = Debug|Win32
		{C03F0A5D-1D78-4780-9824-2B5A0BB67417}.Release|x64.ActiveCfg = Release|x64
		{C03F0A5D-1D78-4780-9824-2B5A0BB67417}.Release|x64.Build.0 = Release|x64
		{C03F0A5D-1D78-4780-9824-2B5A0BB67417}.Release|x86.ActiveCfg = Release|Win32
		{C03F0A5D-1D78-4780-9824-2B5A0BB67417}.Release|x86.Build.0 = Release|Win32
		{287AD3BF-61D4-433C-81A3-466150287A29}.Debug|x64.ActiveCfg = Debug|x64
		{287AD3BF-61D4-433C-81A3-466150287A29}.Debug|x64.Build.0 = Debug|x64
		{287AD3BF-61D4-433C-81A3-466150287A29}.Debug|x86.ActiveCfg = Debug|Win32
		{287AD3BF-61D4-433C-81A3-466150287A29}.Debug|x86.Build.0 = Debug|Win32
		{287AD3BF-61D4-433C-81A3-466150287A29}.Release|x64.ActiveCfg = Release|x64
		{287AD3BF-61D4-433C-81A3-466150287A29}.Release|x64.Build.0 = Release|x64
		{287AD3BF-61D4-433C-81A3-466150287A29}.Release|x86.ActiveCfg = Release|Win32
		{287AD3BF-61D4-433C-81A3-466150287A29}.Release|x86.Build.0 = Release|Win32
	EndGlobalSection
	GlobalSection(SolutionProperties) = preSolution
		HideSolutionNode = FALSE
	EndGlobalSection
	GlobalSection(ExtensibilityGlobals) = postSolution
		SolutionGuid = {27CB87EC-B229-4BCB-A69F-C2F4E963BDFC}
	EndGlobalSection
EndGlobal
